
Microsoft Visual Studio Solution File, Format Version 12.00
# Visual Studio Version 17
VisualStudioVersion = 17.8.34330.188
MinimumVisualStudioVersion = 10.0.40219.1
Project("{FAE04EC0-301F-11D3-BF4B-00C04F79EFBC}") = "RequestRouting", "RequestRouting.csproj", "{A8BDD519-2C7A-4422-BDD7-0D3B70630B4B}"
EndProject
Global
	GlobalSection(SolutionConfigurationPlatforms) = preSolution
		Debug|Any CPU = Debug|Any CPU
		Release|Any CPU = Release|Any CPU
	EndGlobalSection
	GlobalSection(ProjectConfigurationPlatforms) = postSolution
		{A8BDD519-2C7A-4422-BDD7-0D3B70630B4B}.Debug|Any CPU.ActiveCfg = Debug|Any CPU
		{A8BDD519-2C7A-4422-BDD7-0D3B70630B4B}.Debug|Any CPU.Build.0 = Debug|Any CPU
		{A8BDD519-2C7A-4422-BDD7-0D3B70630B4B}.Release|Any CPU.ActiveCfg = Release|Any CPU
		{A8BDD519-2C7A-4422-BDD7-0D3B70630B4B}.Release|Any CPU.Build.0 = Release|Any CPU
	EndGlobalSection
	GlobalSection(SolutionProperties) = preSolution
		HideSolutionNode = FALSE
	EndGlobalSection
	GlobalSection(ExtensibilityGlobals) = postSolution
		SolutionGuid = {75E0DD06-93C0-4D31-894D-4AD218CEB326}
	EndGlobalSection
EndGlobal
